
Microsoft Visual Studio Solution File, Format Version 10.00
# Visual Studio 2008
Project("{F2A71F9B-5D33-465A-A702-920D77279786}") = "ProFSharp.SeriesData.2008", "ProFSharp.SeriesData\ProFSharp.SeriesData.2008.fsproj", "{04A11BCD-2E31-4DCD-AF5E-9C902DC99242}"
EndProject
Project("{2150E333-8FDC-42A3-9474-1A3956D46DE8}") = "ReferenceBinaries", "ReferenceBinaries", "{3667A619-1330-4B1B-83E1-EBF95F3D178C}"
	ProjectSection(SolutionItems) = preProject
		ReferenceBinaries\System.Windows.Controls.DataVisualization.Toolkit.dll = ReferenceBinaries\System.Windows.Controls.DataVisualization.Toolkit.dll
		ReferenceBinaries\System.Windows.Controls.Layout.Toolkit.dll = ReferenceBinaries\System.Windows.Controls.Layout.Toolkit.dll
		ReferenceBinaries\System.Windows.Controls.Toolkit.dll = ReferenceBinaries\System.Windows.Controls.Toolkit.dll
	EndProjectSection
EndProject
Project("{FAE04EC0-301F-11D3-BF4B-00C04F79EFBC}") = "ProFSharp.SilverlightDemo.2008.Web", "ProFSharp.SilverlightDemo.Web\ProFSharp.SilverlightDemo.2008.Web.csproj", "{B5832EE5-4F4F-4389-BE5E-1EA5B3268710}"
EndProject
Project("{FAE04EC0-301F-11D3-BF4B-00C04F79EFBC}") = "ProFSharp.SilverlightDemo.2008", "ProFSharp.SilverlightDemo\ProFSharp.SilverlightDemo.2008.csproj", "{EA0290EA-7E5E-47A0-AEC8-779A3FB84F2E}"
EndProject
Global
	GlobalSection(SolutionConfigurationPlatforms) = preSolution
		Debug|Any CPU = Debug|Any CPU
		Release|Any CPU = Release|Any CPU
	EndGlobalSection
	GlobalSection(ProjectConfigurationPlatforms) = postSolution
		{04A11BCD-2E31-4DCD-AF5E-9C902DC99242}.Debug|Any CPU.ActiveCfg = Debug|Any CPU
		{04A11BCD-2E31-4DCD-AF5E-9C902DC99242}.Debug|Any CPU.Build.0 = Debug|Any CPU
		{04A11BCD-2E31-4DCD-AF5E-9C902DC99242}.Release|Any CPU.ActiveCfg = Release|Any CPU
		{04A11BCD-2E31-4DCD-AF5E-9C902DC99242}.Release|Any CPU.Build.0 = Release|Any CPU
		{B5832EE5-4F4F-4389-BE5E-1EA5B3268710}.Debug|Any CPU.ActiveCfg = Debug|Any CPU
		{B5832EE5-4F4F-4389-BE5E-1EA5B3268710}.Debug|Any CPU.Build.0 = Debug|Any CPU
		{B5832EE5-4F4F-4389-BE5E-1EA5B3268710}.Release|Any CPU.ActiveCfg = Release|Any CPU
		{B5832EE5-4F4F-4389-BE5E-1EA5B3268710}.Release|Any CPU.Build.0 = Release|Any CPU
		{EA0290EA-7E5E-47A0-AEC8-779A3FB84F2E}.Debug|Any CPU.ActiveCfg = Debug|Any CPU
		{EA0290EA-7E5E-47A0-AEC8-779A3FB84F2E}.Debug|Any CPU.Build.0 = Debug|Any CPU
		{EA0290EA-7E5E-47A0-AEC8-779A3FB84F2E}.Release|Any CPU.ActiveCfg = Release|Any CPU
		{EA0290EA-7E5E-47A0-AEC8-779A3FB84F2E}.Release|Any CPU.Build.0 = Release|Any CPU
	EndGlobalSection
	GlobalSection(SolutionProperties) = preSolution
		HideSolutionNode = FALSE
	EndGlobalSection
EndGlobal
