
Microsoft Visual Studio Solution File, Format Version 11.00
# Visual Studio 2010
Project("{2150E333-8FDC-42A3-9474-1A3956D46DE8}") = "Ecosystem", "Ecosystem", "{29B65CD4-4B09-4D75-B239-3B4DB6209306}"
EndProject
Project("{2150E333-8FDC-42A3-9474-1A3956D46DE8}") = "Functional", "Functional", "{5DA048CE-319D-44BF-8B2D-9FBF88B2D19B}"
EndProject
Project("{F2A71F9B-5D33-465A-A702-920D77279786}") = "Basics", "Basics\Basics.fsproj", "{80340A4E-589B-4A23-9F30-B5A722B35531}"
EndProject
Project("{F2A71F9B-5D33-465A-A702-920D77279786}") = "Objects", "Objects\Objects.fsproj", "{527B1814-E39F-428D-AE00-BE0467A7788F}"
EndProject
Project("{F2A71F9B-5D33-465A-A702-920D77279786}") = "XMLActivePatterns", "Ecosystem\XMLActivePatterns\XMLActivePatterns.fsproj", "{76BC2F22-4002-448A-B613-A25EC12C808D}"
EndProject
Project("{F2A71F9B-5D33-465A-A702-920D77279786}") = "XML", "Ecosystem\XML\XML.fsproj", "{112A3B77-3E61-4606-8659-73EAB269B5F0}"
EndProject
Project("{F2A71F9B-5D33-465A-A702-920D77279786}") = "Data and DataTypes", "Data and DataTypes\Data and DataTypes.fsproj", "{B78DDD6A-B243-4B4C-8628-BA1D2D30D067}"
EndProject
Project("{FAE04EC0-301F-11D3-BF4B-00C04F79EFBC}") = "CSharp - Data and DataTypes", "Data and DataTypes\CSharp - Data and DataTypes\CSharp - Data and DataTypes.csproj", "{C503FAB5-3F21-49ED-B5E4-8165CD1B22B5}"
EndProject
Project("{F2A71F9B-5D33-465A-A702-920D77279786}") = "Reflection", "Ecosystem\Reflection\Reflection.fsproj", "{DBAA303A-EB73-464F-B85A-8FA77622A319}"
EndProject
Project("{F2A71F9B-5D33-465A-A702-920D77279786}") = "Functions", "Functions\Functions.fsproj", "{2913D4C0-BED6-46C0-9A9A-2C6B657824AD}"
EndProject
Project("{F2A71F9B-5D33-465A-A702-920D77279786}") = "List Processing", "List Processing\List Processing.fsproj", "{1731D49B-95B8-4C43-835F-699276C00C89}"
EndProject
Project("{F2A71F9B-5D33-465A-A702-920D77279786}") = "Composition and Pipelining", "Composition and Pipelining\Composition and Pipelining.fsproj", "{E7FDB4EA-28C5-41D3-96AD-ACB17B9A3BE5}"
EndProject
Global
	GlobalSection(SolutionConfigurationPlatforms) = preSolution
		Debug|Any CPU = Debug|Any CPU
		Release|Any CPU = Release|Any CPU
	EndGlobalSection
	GlobalSection(ProjectConfigurationPlatforms) = postSolution
		{80340A4E-589B-4A23-9F30-B5A722B35531}.Debug|Any CPU.ActiveCfg = Debug|Any CPU
		{80340A4E-589B-4A23-9F30-B5A722B35531}.Debug|Any CPU.Build.0 = Debug|Any CPU
		{80340A4E-589B-4A23-9F30-B5A722B35531}.Release|Any CPU.ActiveCfg = Release|Any CPU
		{80340A4E-589B-4A23-9F30-B5A722B35531}.Release|Any CPU.Build.0 = Release|Any CPU
		{527B1814-E39F-428D-AE00-BE0467A7788F}.Debug|Any CPU.ActiveCfg = Debug|Any CPU
		{527B1814-E39F-428D-AE00-BE0467A7788F}.Debug|Any CPU.Build.0 = Debug|Any CPU
		{527B1814-E39F-428D-AE00-BE0467A7788F}.Release|Any CPU.ActiveCfg = Release|Any CPU
		{527B1814-E39F-428D-AE00-BE0467A7788F}.Release|Any CPU.Build.0 = Release|Any CPU
		{76BC2F22-4002-448A-B613-A25EC12C808D}.Debug|Any CPU.ActiveCfg = Debug|Any CPU
		{76BC2F22-4002-448A-B613-A25EC12C808D}.Debug|Any CPU.Build.0 = Debug|Any CPU
		{76BC2F22-4002-448A-B613-A25EC12C808D}.Release|Any CPU.ActiveCfg = Release|Any CPU
		{76BC2F22-4002-448A-B613-A25EC12C808D}.Release|Any CPU.Build.0 = Release|Any CPU
		{112A3B77-3E61-4606-8659-73EAB269B5F0}.Debug|Any CPU.ActiveCfg = Debug|Any CPU
		{112A3B77-3E61-4606-8659-73EAB269B5F0}.Debug|Any CPU.Build.0 = Debug|Any CPU
		{112A3B77-3E61-4606-8659-73EAB269B5F0}.Release|Any CPU.ActiveCfg = Release|Any CPU
		{112A3B77-3E61-4606-8659-73EAB269B5F0}.Release|Any CPU.Build.0 = Release|Any CPU
		{B78DDD6A-B243-4B4C-8628-BA1D2D30D067}.Debug|Any CPU.ActiveCfg = Debug|Any CPU
		{B78DDD6A-B243-4B4C-8628-BA1D2D30D067}.Debug|Any CPU.Build.0 = Debug|Any CPU
		{B78DDD6A-B243-4B4C-8628-BA1D2D30D067}.Release|Any CPU.ActiveCfg = Release|Any CPU
		{B78DDD6A-B243-4B4C-8628-BA1D2D30D067}.Release|Any CPU.Build.0 = Release|Any CPU
		{C503FAB5-3F21-49ED-B5E4-8165CD1B22B5}.Debug|Any CPU.ActiveCfg = Debug|Any CPU
		{C503FAB5-3F21-49ED-B5E4-8165CD1B22B5}.Debug|Any CPU.Build.0 = Debug|Any CPU
		{C503FAB5-3F21-49ED-B5E4-8165CD1B22B5}.Release|Any CPU.ActiveCfg = Release|Any CPU
		{C503FAB5-3F21-49ED-B5E4-8165CD1B22B5}.Release|Any CPU.Build.0 = Release|Any CPU
		{DBAA303A-EB73-464F-B85A-8FA77622A319}.Debug|Any CPU.ActiveCfg = Debug|Any CPU
		{DBAA303A-EB73-464F-B85A-8FA77622A319}.Debug|Any CPU.Build.0 = Debug|Any CPU
		{DBAA303A-EB73-464F-B85A-8FA77622A319}.Release|Any CPU.ActiveCfg = Release|Any CPU
		{DBAA303A-EB73-464F-B85A-8FA77622A319}.Release|Any CPU.Build.0 = Release|Any CPU
		{2913D4C0-BED6-46C0-9A9A-2C6B657824AD}.Debug|Any CPU.ActiveCfg = Debug|Any CPU
		{2913D4C0-BED6-46C0-9A9A-2C6B657824AD}.Debug|Any CPU.Build.0 = Debug|Any CPU
		{2913D4C0-BED6-46C0-9A9A-2C6B657824AD}.Release|Any CPU.ActiveCfg = Release|Any CPU
		{2913D4C0-BED6-46C0-9A9A-2C6B657824AD}.Release|Any CPU.Build.0 = Release|Any CPU
		{1731D49B-95B8-4C43-835F-699276C00C89}.Debug|Any CPU.ActiveCfg = Debug|Any CPU
		{1731D49B-95B8-4C43-835F-699276C00C89}.Debug|Any CPU.Build.0 = Debug|Any CPU
		{1731D49B-95B8-4C43-835F-699276C00C89}.Release|Any CPU.ActiveCfg = Release|Any CPU
		{1731D49B-95B8-4C43-835F-699276C00C89}.Release|Any CPU.Build.0 = Release|Any CPU
		{E7FDB4EA-28C5-41D3-96AD-ACB17B9A3BE5}.Debug|Any CPU.ActiveCfg = Debug|Any CPU
		{E7FDB4EA-28C5-41D3-96AD-ACB17B9A3BE5}.Debug|Any CPU.Build.0 = Debug|Any CPU
		{E7FDB4EA-28C5-41D3-96AD-ACB17B9A3BE5}.Release|Any CPU.ActiveCfg = Release|Any CPU
		{E7FDB4EA-28C5-41D3-96AD-ACB17B9A3BE5}.Release|Any CPU.Build.0 = Release|Any CPU
	EndGlobalSection
	GlobalSection(SolutionProperties) = preSolution
		HideSolutionNode = FALSE
	EndGlobalSection
	GlobalSection(NestedProjects) = preSolution
		{76BC2F22-4002-448A-B613-A25EC12C808D} = {29B65CD4-4B09-4D75-B239-3B4DB6209306}
		{112A3B77-3E61-4606-8659-73EAB269B5F0} = {29B65CD4-4B09-4D75-B239-3B4DB6209306}
		{DBAA303A-EB73-464F-B85A-8FA77622A319} = {29B65CD4-4B09-4D75-B239-3B4DB6209306}
		{B78DDD6A-B243-4B4C-8628-BA1D2D30D067} = {5DA048CE-319D-44BF-8B2D-9FBF88B2D19B}
		{C503FAB5-3F21-49ED-B5E4-8165CD1B22B5} = {5DA048CE-319D-44BF-8B2D-9FBF88B2D19B}
		{2913D4C0-BED6-46C0-9A9A-2C6B657824AD} = {5DA048CE-319D-44BF-8B2D-9FBF88B2D19B}
		{1731D49B-95B8-4C43-835F-699276C00C89} = {5DA048CE-319D-44BF-8B2D-9FBF88B2D19B}
		{E7FDB4EA-28C5-41D3-96AD-ACB17B9A3BE5} = {5DA048CE-319D-44BF-8B2D-9FBF88B2D19B}
	EndGlobalSection
EndGlobal
